dependencies:
- name: postgresql
  repository: oci://registry-1.docker.io/bitnamicharts
  version: 15.5.0
- name: mariadb
  repository: oci://registry-1.docker.io/bitnamicharts
  version: 18.2.0
- name: redis
  repository: oci://registry-1.docker.io/bitnamicharts
  version: 20.12.2
- name: collabora-online
  repository: https://collaboraonline.github.io/online
  version: 1.1.20
digest: sha256:10e3415c51c4fec5dd34c528723f9d95704921b3ab3b45dcbf698086a955baaa
generated: "2025-04-22T14:55:11.961038161+02:00"
